hash: 36006c6cfbd959a949155d51a0babc6c78411c9cc65c621c36486b61eeca68a5
updated: 2017-03-27T19:04:21.3112431+01:00
imports:
- name: github.com/julienschmidt/httprouter
  version: 8c199fb6259ffc1af525cc3ad52ee60ba8359669
- name: golang.org/x/net
  version: f2499483f923065a842d38eb4c7f1927e6fc6e6d
  subpackages:
  - websocket
testImports: []
